
Microsoft Visual Studio Solution File, Format Version 12.00
# Visual Studio Version 17
VisualStudioVersion = 17.10.35013.160
MinimumVisualStudioVersion = 10.0.40219.1
Project("{9A19103F-16F7-4668-BE54-9A1E7A4F7556}") = "ArashiDNS.Q2", "ArashiDNS.Q2\ArashiDNS.Q2.csproj", "{7E7E7321-E943-4D2A-A34B-03E2C4A73EE3}"
EndProject
Project("{FAE04EC0-301F-11D3-BF4B-00C04F79EFBC}") = "ArashiDNS.QC2", "ArashiDNS.QC2\ArashiDNS.QC2.csproj", "{2E0A5B56-9B2C-4D82-A7C2-29675F1F1AD4}"
EndProject
Global
	GlobalSection(SolutionConfigurationPlatforms) = preSolution
		Debug|Any CPU = Debug|Any CPU
		Release|Any CPU = Release|Any CPU
	EndGlobalSection
	GlobalSection(ProjectConfigurationPlatforms) = postSolution
		{7E7E7321-E943-4D2A-A34B-03E2C4A73EE3}.Debug|Any CPU.ActiveCfg = Debug|Any CPU
		{7E7E7321-E943-4D2A-A34B-03E2C4A73EE3}.Debug|Any CPU.Build.0 = Debug|Any CPU
		{7E7E7321-E943-4D2A-A34B-03E2C4A73EE3}.Release|Any CPU.ActiveCfg = Release|Any CPU
		{7E7E7321-E943-4D2A-A34B-03E2C4A73EE3}.Release|Any CPU.Build.0 = Release|Any CPU
		{2E0A5B56-9B2C-4D82-A7C2-29675F1F1AD4}.Debug|Any CPU.ActiveCfg = Debug|Any CPU
		{2E0A5B56-9B2C-4D82-A7C2-29675F1F1AD4}.Debug|Any CPU.Build.0 = Debug|Any CPU
		{2E0A5B56-9B2C-4D82-A7C2-29675F1F1AD4}.Release|Any CPU.ActiveCfg = Release|Any CPU
		{2E0A5B56-9B2C-4D82-A7C2-29675F1F1AD4}.Release|Any CPU.Build.0 = Release|Any CPU
	EndGlobalSection
	GlobalSection(SolutionProperties) = preSolution
		HideSolutionNode = FALSE
	EndGlobalSection
	GlobalSection(ExtensibilityGlobals) = postSolution
		SolutionGuid = {3129A2A3-C38F-4387-871C-401CDF870903}
	EndGlobalSection
EndGlobal
